// !$*UTF8*$!
{
	archiveVersion = 1;
	classes = {
	};
	objectVersion = 46;
	objects = {

/* Begin PBXBuildFile section */
		D0948A49178159AD00BA8F23 /* InfoPlist.strings in Resources */ = {isa = PBXBuildFile; fileRef = D0948A47178159AD00BA8F23 /* InfoPlist.strings */; };
		D0948A59178159AD00BA8F23 /* ReactiveViewModel.framework in Frameworks */ = {isa = PBXBuildFile; fileRef = D0948A3B178159AD00BA8F23 /* ReactiveViewModel.framework */; };
		D0948A5F178159AD00BA8F23 /* InfoPlist.strings in Resources */ = {isa = PBXBuildFile; fileRef = D0948A5D178159AD00BA8F23 /* InfoPlist.strings */; };
		D0948AA3178159F900BA8F23 /* libReactiveViewModel.a in Frameworks */ = {isa = PBXBuildFile; fileRef = D0948A8D178159F900BA8F23 /* libReactiveViewModel.a */; };
		D0948AB417815ABD00BA8F23 /* Foundation.framework in Frameworks */ = {isa = PBXBuildFile; fileRef = D0948AB317815ABD00BA8F23 /* Foundation.framework */; };
		D0948AB517815AC200BA8F23 /* Foundation.framework in Frameworks */ = {isa = PBXBuildFile; fileRef = D0948AB317815ABD00BA8F23 /* Foundation.framework */; };
		D0948AB717815AC700BA8F23 /* Foundation.framework in Frameworks */ = {isa = PBXBuildFile; fileRef = D0948AB617815AC700BA8F23 /* Foundation.framework */; };
		D0948AB817815ACD00BA8F23 /* Foundation.framework in Frameworks */ = {isa = PBXBuildFile; fileRef = D0948AB617815AC700BA8F23 /* Foundation.framework */; };
		D0948ABA17815AF100BA8F23 /* ReactiveViewModel.h in Headers */ = {isa = PBXBuildFile; fileRef = D0948A4B178159AD00BA8F23 /* ReactiveViewModel.h */; settings = {ATTRIBUTES = (Public, ); }; };
		D0948ABB17815AF100BA8F23 /* ReactiveViewModel.h in Headers */ = {isa = PBXBuildFile; fileRef = D0948A4B178159AD00BA8F23 /* ReactiveViewModel.h */; settings = {ATTRIBUTES = (Public, ); }; };
		D0948B3C17815E7300BA8F23 /* SenTestingKit.framework in Frameworks */ = {isa = PBXBuildFile; fileRef = D0948B3B17815E7300BA8F23 /* SenTestingKit.framework */; };
		D0948B3D17815E7800BA8F23 /* SenTestingKit.framework in Frameworks */ = {isa = PBXBuildFile; fileRef = D0948B3B17815E7300BA8F23 /* SenTestingKit.framework */; };
		D0948B3F17815E9700BA8F23 /* UIKit.framework in Frameworks */ = {isa = PBXBuildFile; fileRef = D0948B3E17815E9700BA8F23 /* UIKit.framework */; };
		D0948B551781610600BA8F23 /* RVMViewModel.h in Headers */ = {isa = PBXBuildFile; fileRef = D0948B531781610600BA8F23 /* RVMViewModel.h */; settings = {ATTRIBUTES = (Public, ); }; };
		D0948B561781610600BA8F23 /* RVMViewModel.h in Headers */ = {isa = PBXBuildFile; fileRef = D0948B531781610600BA8F23 /* RVMViewModel.h */; settings = {ATTRIBUTES = (Public, ); }; };
		D0948B571781610600BA8F23 /* RVMViewModel.m in Sources */ = {isa = PBXBuildFile; fileRef = D0948B541781610600BA8F23 /* RVMViewModel.m */; };
		D0948B581781610600BA8F23 /* RVMViewModel.m in Sources */ = {isa = PBXBuildFile; fileRef = D0948B541781610600BA8F23 /* RVMViewModel.m */; };
		D0948B5A1781618A00BA8F23 /* RVMViewModelSpec.m in Sources */ = {isa = PBXBuildFile; fileRef = D0948B591781618A00BA8F23 /* RVMViewModelSpec.m */; };
		D0948B5B1781618A00BA8F23 /* RVMViewModelSpec.m in Sources */ = {isa = PBXBuildFile; fileRef = D0948B591781618A00BA8F23 /* RVMViewModelSpec.m */; };
		D0948B5E178161A800BA8F23 /* RVMTestViewModel.m in Sources */ = {isa = PBXBuildFile; fileRef = D0948B5D178161A800BA8F23 /* RVMTestViewModel.m */; };
		D0948B5F178161A800BA8F23 /* RVMTestViewModel.m in Sources */ = {isa = PBXBuildFile; fileRef = D0948B5D178161A800BA8F23 /* RVMTestViewModel.m */; };
		D4ACA4D218DB97A000EBD899 /* ReactiveCocoa.framework in Frameworks */ = {isa = PBXBuildFile; fileRef = D4ACA4D118DB97A000EBD899 /* ReactiveCocoa.framework */; };
		D4ACA4D418DB97A600EBD899 /* libReactiveCocoa-iOS.a in Frameworks */ = {isa = PBXBuildFile; fileRef = D4ACA4D318DB97A600EBD899 /* libReactiveCocoa-iOS.a */; };
		D4ACA4D618DB97B500EBD899 /* libExpecta.a in Frameworks */ = {isa = PBXBuildFile; fileRef = D4ACA4D518DB97B500EBD899 /* libExpecta.a */; };
		D4ACA4D818DB97BA00EBD899 /* libSpecta-iOS.a in Frameworks */ = {isa = PBXBuildFile; fileRef = D4ACA4D718DB97BA00EBD899 /* libSpecta-iOS.a */; };
		D4ACA4DA18DB97D000EBD899 /* libSpecta.a in Frameworks */ = {isa = PBXBuildFile; fileRef = D4ACA4D918DB97D000EBD899 /* libSpecta.a */; };
		D4ACA4DE18DB97DC00EBD899 /* libExpecta-iOS.a in Frameworks */ = {isa = PBXBuildFile; fileRef = D4ACA4DD18DB97DC00EBD899 /* libExpecta-iOS.a */; };
		D4ACA4DF18DB980500EBD899 /* ReactiveCocoa.framework in Frameworks */ = {isa = PBXBuildFile; fileRef = D4ACA4D118DB97A000EBD899 /* ReactiveCocoa.framework */; };
		F0BDE8F919199B7D00F6998F /* RVMViewModelReacting.h in Headers */ = {isa = PBXBuildFile; fileRef = F0BDE8F819199B7D00F6998F /* RVMViewModelReacting.h */; };
		F0BDE8FA19199B7D00F6998F /* RVMViewModelReacting.h in Headers */ = {isa = PBXBuildFile; fileRef = F0BDE8F819199B7D00F6998F /* RVMViewModelReacting.h */; };
/* End PBXBuildFile section */

/* Begin PBXContainerItemProxy section */
		D0948A57178159AD00BA8F23 /* PBXContainerItemProxy */ = {
			isa = PBXContainerItemProxy;
			containerPortal = D0948A32178159AD00BA8F23 /* Project object */;
			proxyType = 1;
			remoteGlobalIDString = D0948A3A178159AD00BA8F23;
			remoteInfo = ReactiveViewModel;
		};
		D0948AA1178159F900BA8F23 /* PBXContainerItemProxy */ = {
			isa = PBXContainerItemProxy;
			containerPortal = D0948A32178159AD00BA8F23 /* Project object */;
			proxyType = 1;
			remoteGlobalIDString = D0948A8C178159F900BA8F23;
			remoteInfo = ReactiveViewModel;
		};
/* End PBXContainerItemProxy section */

/* Begin PBXFileReference section */
		D0948A3B178159AD00BA8F23 /* ReactiveViewModel.framework */ = {isa = PBXFileReference; explicitFileType = wrapper.framework; includeInIndex = 0; path = ReactiveViewModel.framework; sourceTree = BUILT_PRODUCTS_DIR; };
		D0948A46178159AD00BA8F23 /* ReactiveViewModel-Info.plist */ = {isa = PBXFileReference; lastKnownFileType = text.plist.xml; path = "ReactiveViewModel-Info.plist"; sourceTree = "<group>"; };
		D0948A48178159AD00BA8F23 /* en */ = {isa = PBXFileReference; lastKnownFileType = text.plist.strings; name = en; path = en.lproj/InfoPlist.strings; sourceTree = "<group>"; };
		D0948A4A178159AD00BA8F23 /* ReactiveViewModel-Prefix.pch */ = {isa = PBXFileReference; lastKnownFileType = sourcecode.c.h; path = "ReactiveViewModel-Prefix.pch"; sourceTree = "<group>"; };
		D0948A4B178159AD00BA8F23 /* ReactiveViewModel.h */ = {isa = PBXFileReference; lastKnownFileType = sourcecode.c.h; path = ReactiveViewModel.h; sourceTree = "<group>"; };
		D0948A53178159AD00BA8F23 /* ReactiveViewModel Mac Tests.octest */ = {isa = PBXFileReference; explicitFileType = wrapper.cfbundle; includeInIndex = 0; path = "ReactiveViewModel Mac Tests.octest"; sourceTree = BUILT_PRODUCTS_DIR; };
		D0948A5C178159AD00BA8F23 /* ReactiveViewModelTests-Info.plist */ = {isa = PBXFileReference; lastKnownFileType = text.plist.xml; path = "ReactiveViewModelTests-Info.plist"; sourceTree = "<group>"; };
		D0948A5E178159AD00BA8F23 /* en */ = {isa = PBXFileReference; lastKnownFileType = text.plist.strings; name = en; path = en.lproj/InfoPlist.strings; sourceTree = "<group>"; };
		D0948A75178159DA00BA8F23 /* Common.xcconfig */ = {isa = PBXFileReference; lastKnownFileType = text.xcconfig; path = Common.xcconfig; sourceTree = "<group>"; };
		D0948A77178159DA00BA8F23 /* Debug.xcconfig */ = {isa = PBXFileReference; lastKnownFileType = text.xcconfig; path = Debug.xcconfig; sourceTree = "<group>"; };
		D0948A78178159DA00BA8F23 /* Profile.xcconfig */ = {isa = PBXFileReference; lastKnownFileType = text.xcconfig; path = Profile.xcconfig; sourceTree = "<group>"; };
		D0948A79178159DA00BA8F23 /* Release.xcconfig */ = {isa = PBXFileReference; lastKnownFileType = text.xcconfig; path = Release.xcconfig; sourceTree = "<group>"; };
		D0948A7A178159DA00BA8F23 /* Test.xcconfig */ = {isa = PBXFileReference; lastKnownFileType = text.xcconfig; path = Test.xcconfig; sourceTree = "<group>"; };
		D0948A7C178159DA00BA8F23 /* Application.xcconfig */ = {isa = PBXFileReference; lastKnownFileType = text.xcconfig; path = Application.xcconfig; sourceTree = "<group>"; };
		D0948A7D178159DA00BA8F23 /* StaticLibrary.xcconfig */ = {isa = PBXFileReference; lastKnownFileType = text.xcconfig; path = StaticLibrary.xcconfig; sourceTree = "<group>"; };
		D0948A7F178159DA00BA8F23 /* iOS-Application.xcconfig */ = {isa = PBXFileReference; lastKnownFileType = text.xcconfig; path = "iOS-Application.xcconfig"; sourceTree = "<group>"; };
		D0948A80178159DA00BA8F23 /* iOS-Base.xcconfig */ = {isa = PBXFileReference; lastKnownFileType = text.xcconfig; path = "iOS-Base.xcconfig"; sourceTree = "<group>"; };
		D0948A81178159DA00BA8F23 /* iOS-StaticLibrary.xcconfig */ = {isa = PBXFileReference; lastKnownFileType = text.xcconfig; path = "iOS-StaticLibrary.xcconfig"; sourceTree = "<group>"; };
		D0948A83178159DA00BA8F23 /* Mac-Application.xcconfig */ = {isa = PBXFileReference; lastKnownFileType = text.xcconfig; path = "Mac-Application.xcconfig"; sourceTree = "<group>"; };
		D0948A84178159DA00BA8F23 /* Mac-Base.xcconfig */ = {isa = PBXFileReference; lastKnownFileType = text.xcconfig; path = "Mac-Base.xcconfig"; sourceTree = "<group>"; };
		D0948A85178159DA00BA8F23 /* Mac-DynamicLibrary.xcconfig */ = {isa = PBXFileReference; lastKnownFileType = text.xcconfig; path = "Mac-DynamicLibrary.xcconfig"; sourceTree = "<group>"; };
		D0948A86178159DA00BA8F23 /* Mac-Framework.xcconfig */ = {isa = PBXFileReference; lastKnownFileType = text.xcconfig; path = "Mac-Framework.xcconfig"; sourceTree = "<group>"; };
		D0948A87178159DA00BA8F23 /* Mac-StaticLibrary.xcconfig */ = {isa = PBXFileReference; lastKnownFileType = text.xcconfig; path = "Mac-StaticLibrary.xcconfig"; sourceTree = "<group>"; };
		D0948A88178159DA00BA8F23 /* README.md */ = {isa = PBXFileReference; lastKnownFileType = text; path = README.md; sourceTree = "<group>"; };
		D0948A8D178159F900BA8F23 /* libReactiveViewModel.a */ = {isa = PBXFileReference; explicitFileType = archive.ar; includeInIndex = 0; path = libReactiveViewModel.a; sourceTree = BUILT_PRODUCTS_DIR; };
		D0948A9C178159F900BA8F23 /* ReactiveViewModel iOS Tests.octest */ = {isa = PBXFileReference; explicitFileType = wrapper.cfbundle; includeInIndex = 0; path = "ReactiveViewModel iOS Tests.octest"; sourceTree = BUILT_PRODUCTS_DIR; };
		D0948AB317815ABD00BA8F23 /* Foundation.framework */ = {isa = PBXFileReference; lastKnownFileType = wrapper.framework; name = Foundation.framework; path = Platforms/MacOSX.platform/Developer/SDKs/MacOSX10.8.sdk/System/Library/Frameworks/Foundation.framework; sourceTree = DEVELOPER_DIR; };
		D0948AB617815AC700BA8F23 /* Foundation.framework */ = {isa = PBXFileReference; lastKnownFileType = wrapper.framework; name = Foundation.framework; path = Platforms/iPhoneOS.platform/Developer/SDKs/iPhoneOS6.1.sdk/System/Library/Frameworks/Foundation.framework; sourceTree = DEVELOPER_DIR; };
		D0948ABC17815B1800BA8F23 /* ReactiveViewModelTests-Prefix.pch */ = {isa = PBXFileReference; fileEncoding = 4; lastKnownFileType = sourcecode.c.h; path = "ReactiveViewModelTests-Prefix.pch"; sourceTree = "<group>"; };
		D0948B3B17815E7300BA8F23 /* SenTestingKit.framework */ = {isa = PBXFileReference; lastKnownFileType = wrapper.framework; name = SenTestingKit.framework; path = Library/Frameworks/SenTestingKit.framework; sourceTree = DEVELOPER_DIR; };
		D0948B3E17815E9700BA8F23 /* UIKit.framework */ = {isa = PBXFileReference; lastKnownFileType = wrapper.framework; name = UIKit.framework; path = Platforms/iPhoneOS.platform/Developer/SDKs/iPhoneOS6.1.sdk/System/Library/Frameworks/UIKit.framework; sourceTree = DEVELOPER_DIR; };
		D0948B531781610600BA8F23 /* RVMViewModel.h */ = {isa = PBXFileReference; fileEncoding = 4; lastKnownFileType = sourcecode.c.h; path = RVMViewModel.h; sourceTree = "<group>"; };
		D0948B541781610600BA8F23 /* RVMViewModel.m */ = {isa = PBXFileReference; fileEncoding = 4; lastKnownFileType = sourcecode.c.objc; path = RVMViewModel.m; sourceTree = "<group>"; };
		D0948B591781618A00BA8F23 /* RVMViewModelSpec.m */ = {isa = PBXFileReference; fileEncoding = 4; lastKnownFileType = sourcecode.c.objc; path = RVMViewModelSpec.m; sourceTree = "<group>"; };
		D0948B5C178161A800BA8F23 /* RVMTestViewModel.h */ = {isa = PBXFileReference; fileEncoding = 4; lastKnownFileType = sourcecode.c.h; path = RVMTestViewModel.h; sourceTree = "<group>"; };
		D0948B5D178161A800BA8F23 /* RVMTestViewModel.m */ = {isa = PBXFileReference; fileEncoding = 4; lastKnownFileType = sourcecode.c.objc; path = RVMTestViewModel.m; sourceTree = "<group>"; };
		D4ACA4D118DB97A000EBD899 /* ReactiveCocoa.framework */ = {isa = PBXFileReference; lastKnownFileType = wrapper.framework; name = ReactiveCocoa.framework; path = External/ReactiveCocoa/ReactiveCocoaFramework/build/Debug/ReactiveCocoa.framework; sourceTree = "<group>"; };
		D4ACA4D318DB97A600EBD899 /* libReactiveCocoa-iOS.a */ = {isa = PBXFileReference; lastKnownFileType = archive.ar; name = "libReactiveCocoa-iOS.a"; path = "External/ReactiveCocoa/ReactiveCocoaFramework/build/Debug-iphoneos/libReactiveCocoa-iOS.a"; sourceTree = "<group>"; };
		D4ACA4D518DB97B500EBD899 /* libExpecta.a */ = {isa = PBXFileReference; lastKnownFileType = archive.ar; name = libExpecta.a; path = External/ReactiveCocoa/external/expecta/build/Debug/libExpecta.a; sourceTree = "<group>"; };
		D4ACA4D718DB97BA00EBD899 /* libSpecta-iOS.a */ = {isa = PBXFileReference; lastKnownFileType = archive.ar; name = "libSpecta-iOS.a"; path = "External/ReactiveCocoa/external/specta/build/Debug-iphoneos/libSpecta-iOS.a"; sourceTree = "<group>"; };
		D4ACA4D918DB97D000EBD899 /* libSpecta.a */ = {isa = PBXFileReference; lastKnownFileType = archive.ar; name = libSpecta.a; path = External/ReactiveCocoa/external/specta/build/Debug/libSpecta.a; sourceTree = "<group>"; };
		D4ACA4DD18DB97DC00EBD899 /* libExpecta-iOS.a */ = {isa = PBXFileReference; lastKnownFileType = archive.ar; name = "libExpecta-iOS.a"; path = "External/ReactiveCocoa/external/expecta/build/Debug-iphoneos/libExpecta-iOS.a"; sourceTree = "<group>"; };
		F0BDE8F819199B7D00F6998F /* RVMViewModelReacting.h */ = {isa = PBXFileReference; fileEncoding = 4; lastKnownFileType = sourcecode.c.h; path = RVMViewModelReacting.h; sourceTree = "<group>"; };
/* End PBXFileReference section */

/* Begin PBXFrameworksBuildPhase section */
		D0948A37178159AD00BA8F23 /* Frameworks */ = {
			isa = PBXFrameworksBuildPhase;
			buildActionMask = 2147483647;
			files = (
				D0948AB417815ABD00BA8F23 /* Foundation.framework in Frameworks */,
				D4ACA4D218DB97A000EBD899 /* ReactiveCocoa.framework in Frameworks */,
			);
			runOnlyForDeploymentPostprocessing = 0;
		};
		D0948A4F178159AD00BA8F23 /* Frameworks */ = {
			isa = PBXFrameworksBuildPhase;
			buildActionMask = 2147483647;
			files = (
				D0948B3D17815E7800BA8F23 /* SenTestingKit.framework in Frameworks */,
				D0948A59178159AD00BA8F23 /* ReactiveViewModel.framework in Frameworks */,
				D4ACA4DF18DB980500EBD899 /* ReactiveCocoa.framework in Frameworks */,
				D0948AB517815AC200BA8F23 /* Foundation.framework in Frameworks */,
				D4ACA4D618DB97B500EBD899 /* libExpecta.a in Frameworks */,
				D4ACA4DA18DB97D000EBD899 /* libSpecta.a in Frameworks */,
			);
			runOnlyForDeploymentPostprocessing = 0;
		};
		D0948A8A178159F900BA8F23 /* Frameworks */ = {
			isa = PBXFrameworksBuildPhase;
			buildActionMask = 2147483647;
			files = (
				D0948AB717815AC700BA8F23 /* Foundation.framework in Frameworks */,
				D4ACA4D418DB97A600EBD899 /* libReactiveCocoa-iOS.a in Frameworks */,
			);
			runOnlyForDeploymentPostprocessing = 0;
		};
		D0948A98178159F900BA8F23 /* Frameworks */ = {
			isa = PBXFrameworksBuildPhase;
			buildActionMask = 2147483647;
			files = (
				D0948B3F17815E9700BA8F23 /* UIKit.framework in Frameworks */,
				D0948B3C17815E7300BA8F23 /* SenTestingKit.framework in Frameworks */,
				D0948AB817815ACD00BA8F23 /* Foundation.framework in Frameworks */,
				D0948AA3178159F900BA8F23 /* libReactiveViewModel.a in Frameworks */,
				D4ACA4D818DB97BA00EBD899 /* libSpecta-iOS.a in Frameworks */,
				D4ACA4DE18DB97DC00EBD899 /* libExpecta-iOS.a in Frameworks */,
			);
			runOnlyForDeploymentPostprocessing = 0;
		};
/* End PBXFrameworksBuildPhase section */

/* Begin PBXGroup section */
		D0948A31178159AD00BA8F23 = {
			isa = PBXGroup;
			children = (
				D0948A44178159AD00BA8F23 /* ReactiveViewModel */,
				D0948A5A178159AD00BA8F23 /* ReactiveViewModelTests */,
				D0948A3D178159AD00BA8F23 /* Frameworks */,
				D0948A73178159DA00BA8F23 /* Configuration */,
				D0948A3C178159AD00BA8F23 /* Products */,
			);
			sourceTree = "<group>";
		};
		D0948A3C178159AD00BA8F23 /* Products */ = {
			isa = PBXGroup;
			children = (
				D0948A3B178159AD00BA8F23 /* ReactiveViewModel.framework */,
				D0948A53178159AD00BA8F23 /* ReactiveViewModel Mac Tests.octest */,
				D0948A8D178159F900BA8F23 /* libReactiveViewModel.a */,
				D0948A9C178159F900BA8F23 /* ReactiveViewModel iOS Tests.octest */,
			);
			name = Products;
			sourceTree = "<group>";
		};
		D0948A3D178159AD00BA8F23 /* Frameworks */ = {
			isa = PBXGroup;
			children = (
				D4ACA4D918DB97D000EBD899 /* libSpecta.a */,
				D4ACA4D718DB97BA00EBD899 /* libSpecta-iOS.a */,
				D4ACA4D518DB97B500EBD899 /* libExpecta.a */,
				D4ACA4DD18DB97DC00EBD899 /* libExpecta-iOS.a */,
				D4ACA4D118DB97A000EBD899 /* ReactiveCocoa.framework */,
				D4ACA4D318DB97A600EBD899 /* libReactiveCocoa-iOS.a */,
				D0948AB617815AC700BA8F23 /* Foundation.framework */,
				D0948AB317815ABD00BA8F23 /* Foundation.framework */,
				D0948B3B17815E7300BA8F23 /* SenTestingKit.framework */,
				D0948B3E17815E9700BA8F23 /* UIKit.framework */,
			);
			name = Frameworks;
			sourceTree = "<group>";
		};
		D0948A44178159AD00BA8F23 /* ReactiveViewModel */ = {
			isa = PBXGroup;
			children = (
				D0948A4B178159AD00BA8F23 /* ReactiveViewModel.h */,
				F0BDE8F719199B4600F6998F /* Protocol */,
				D0948B4A178160FC00BA8F23 /* View Model */,
				D0948A45178159AD00BA8F23 /* Supporting Files */,
			);
			path = ReactiveViewModel;
			sourceTree = "<group>";
		};
		D0948A45178159AD00BA8F23 /* Supporting Files */ = {
			isa = PBXGroup;
			children = (
				D0948A46178159AD00BA8F23 /* ReactiveViewModel-Info.plist */,
				D0948A47178159AD00BA8F23 /* InfoPlist.strings */,
				D0948A4A178159AD00BA8F23 /* ReactiveViewModel-Prefix.pch */,
			);
			name = "Supporting Files";
			sourceTree = "<group>";
		};
		D0948A5A178159AD00BA8F23 /* ReactiveViewModelTests */ = {
			isa = PBXGroup;
			children = (
				D0948ABD17815B2000BA8F23 /* Specs */,
				D0948A5B178159AD00BA8F23 /* Supporting Files */,
			);
			path = ReactiveViewModelTests;
			sourceTree = "<group>";
		};
		D0948A5B178159AD00BA8F23 /* Supporting Files */ = {
			isa = PBXGroup;
			children = (
				D0948A5C178159AD00BA8F23 /* ReactiveViewModelTests-Info.plist */,
				D0948A5D178159AD00BA8F23 /* InfoPlist.strings */,
				D0948ABC17815B1800BA8F23 /* ReactiveViewModelTests-Prefix.pch */,
				D0948B5C178161A800BA8F23 /* RVMTestViewModel.h */,
				D0948B5D178161A800BA8F23 /* RVMTestViewModel.m */,
			);
			name = "Supporting Files";
			sourceTree = "<group>";
		};
		D0948A73178159DA00BA8F23 /* Configuration */ = {
			isa = PBXGroup;
			children = (
				D0948A74178159DA00BA8F23 /* Base */,
				D0948A7E178159DA00BA8F23 /* iOS */,
				D0948A82178159DA00BA8F23 /* Mac OS X */,
				D0948A88178159DA00BA8F23 /* README.md */,
			);
			name = Configuration;
			path = External/ReactiveCocoa/external/xcconfigs;
			sourceTree = "<group>";
		};
		D0948A74178159DA00BA8F23 /* Base */ = {
			isa = PBXGroup;
			children = (
				D0948A75178159DA00BA8F23 /* Common.xcconfig */,
				D0948A76178159DA00BA8F23 /* Configurations */,
				D0948A7B178159DA00BA8F23 /* Targets */,
			);
			path = Base;
			sourceTree = "<group>";
		};
		D0948A76178159DA00BA8F23 /* Configurations */ = {
			isa = PBXGroup;
			children = (
				D0948A77178159DA00BA8F23 /* Debug.xcconfig */,
				D0948A78178159DA00BA8F23 /* Profile.xcconfig */,
				D0948A79178159DA00BA8F23 /* Release.xcconfig */,
				D0948A7A178159DA00BA8F23 /* Test.xcconfig */,
			);
			path = Configurations;
			sourceTree = "<group>";
		};
		D0948A7B178159DA00BA8F23 /* Targets */ = {
			isa = PBXGroup;
			children = (
				D0948A7C178159DA00BA8F23 /* Application.xcconfig */,
				D0948A7D178159DA00BA8F23 /* StaticLibrary.xcconfig */,
			);
			path = Targets;
			sourceTree = "<group>";
		};
		D0948A7E178159DA00BA8F23 /* iOS */ = {
			isa = PBXGroup;
			children = (
				D0948A7F178159DA00BA8F23 /* iOS-Application.xcconfig */,
				D0948A80178159DA00BA8F23 /* iOS-Base.xcconfig */,
				D0948A81178159DA00BA8F23 /* iOS-StaticLibrary.xcconfig */,
			);
			path = iOS;
			sourceTree = "<group>";
		};
		D0948A82178159DA00BA8F23 /* Mac OS X */ = {
			isa = PBXGroup;
			children = (
				D0948A83178159DA00BA8F23 /* Mac-Application.xcconfig */,
				D0948A84178159DA00BA8F23 /* Mac-Base.xcconfig */,
				D0948A85178159DA00BA8F23 /* Mac-DynamicLibrary.xcconfig */,
				D0948A86178159DA00BA8F23 /* Mac-Framework.xcconfig */,
				D0948A87178159DA00BA8F23 /* Mac-StaticLibrary.xcconfig */,
			);
			path = "Mac OS X";
			sourceTree = "<group>";
		};
		D0948ABD17815B2000BA8F23 /* Specs */ = {
			isa = PBXGroup;
			children = (
				D0948B591781618A00BA8F23 /* RVMViewModelSpec.m */,
			);
			name = Specs;
			sourceTree = "<group>";
		};
		D0948B4A178160FC00BA8F23 /* View Model */ = {
			isa = PBXGroup;
			children = (
				D0948B531781610600BA8F23 /* RVMViewModel.h */,
				D0948B541781610600BA8F23 /* RVMViewModel.m */,
			);
			name = "View Model";
			sourceTree = "<group>";
		};
		F0BDE8F719199B4600F6998F /* Protocol */ = {
			isa = PBXGroup;
			children = (
				F0BDE8F819199B7D00F6998F /* RVMViewModelReacting.h */,
			);
			name = Protocol;
			sourceTree = "<group>";
		};
/* End PBXGroup section */

/* Begin PBXHeadersBuildPhase section */
		D0948A38178159AD00BA8F23 /* Headers */ = {
			isa = PBXHeadersBuildPhase;
			buildActionMask = 2147483647;
			files = (
				D0948ABA17815AF100BA8F23 /* ReactiveViewModel.h in Headers */,
				F0BDE8F919199B7D00F6998F /* RVMViewModelReacting.h in Headers */,
				D0948B551781610600BA8F23 /* RVMViewModel.h in Headers */,
			);
			runOnlyForDeploymentPostprocessing = 0;
		};
		D0948AB917815ADA00BA8F23 /* Headers */ = {
			isa = PBXHeadersBuildPhase;
			buildActionMask = 2147483647;
			files = (
				D0948ABB17815AF100BA8F23 /* ReactiveViewModel.h in Headers */,
				F0BDE8FA19199B7D00F6998F /* RVMViewModelReacting.h in Headers */,
				D0948B561781610600BA8F23 /* RVMViewModel.h in Headers */,
			);
			runOnlyForDeploymentPostprocessing = 0;
		};
/* End PBXHeadersBuildPhase section */

/* Begin PBXNativeTarget section */
		D0948A3A178159AD00BA8F23 /* ReactiveViewModel Mac */ = {
			isa = PBXNativeTarget;
			buildConfigurationList = D0948A65178159AD00BA8F23 /* Build configuration list for PBXNativeTarget "ReactiveViewModel Mac" */;
			buildPhases = (
				D0948A36178159AD00BA8F23 /* Sources */,
				D0948A37178159AD00BA8F23 /* Frameworks */,
				D0948A38178159AD00BA8F23 /* Headers */,
				D0948A39178159AD00BA8F23 /* Resources */,
			);
			buildRules = (
			);
			dependencies = (
			);
			name = "ReactiveViewModel Mac";
			productName = ReactiveViewModel;
			productReference = D0948A3B178159AD00BA8F23 /* ReactiveViewModel.framework */;
			productType = "com.apple.product-type.framework";
		};
		D0948A52178159AD00BA8F23 /* ReactiveViewModel Mac Tests */ = {
			isa = PBXNativeTarget;
			buildConfigurationList = D0948A68178159AD00BA8F23 /* Build configuration list for PBXNativeTarget "ReactiveViewModel Mac Tests" */;
			buildPhases = (
				D0948A4E178159AD00BA8F23 /* Sources */,
				D0948A4F178159AD00BA8F23 /* Frameworks */,
				D0948A50178159AD00BA8F23 /* Resources */,
			);
			buildRules = (
			);
			dependencies = (
				D0948A58178159AD00BA8F23 /* PBXTargetDependency */,
			);
			name = "ReactiveViewModel Mac Tests";
			productName = ReactiveViewModelTests;
			productReference = D0948A53178159AD00BA8F23 /* ReactiveViewModel Mac Tests.octest */;
			productType = "com.apple.product-type.bundle";
		};
		D0948A8C178159F900BA8F23 /* ReactiveViewModel iOS */ = {
			isa = PBXNativeTarget;
			buildConfigurationList = D0948AAD178159F900BA8F23 /* Build configuration list for PBXNativeTarget "ReactiveViewModel iOS" */;
			buildPhases = (
				D0948A89178159F900BA8F23 /* Sources */,
				D0948A8A178159F900BA8F23 /* Frameworks */,
				D0948AB917815ADA00BA8F23 /* Headers */,
			);
			buildRules = (
			);
			dependencies = (
			);
			name = "ReactiveViewModel iOS";
			productName = ReactiveViewModel;
			productReference = D0948A8D178159F900BA8F23 /* libReactiveViewModel.a */;
			productType = "com.apple.product-type.library.static";
		};
		D0948A9B178159F900BA8F23 /* ReactiveViewModel iOS Tests */ = {
			isa = PBXNativeTarget;
			buildConfigurationList = D0948AB0178159F900BA8F23 /* Build configuration list for PBXNativeTarget "ReactiveViewModel iOS Tests" */;
			buildPhases = (
				D0948A97178159F900BA8F23 /* Sources */,
				D0948A98178159F900BA8F23 /* Frameworks */,
				D0948A99178159F900BA8F23 /* Resources */,
			);
			buildRules = (
			);
			dependencies = (
				D0948AA2178159F900BA8F23 /* PBXTargetDependency */,
			);
			name = "ReactiveViewModel iOS Tests";
			productName = ReactiveViewModelTests;
			productReference = D0948A9C178159F900BA8F23 /* ReactiveViewModel iOS Tests.octest */;
			productType = "com.apple.product-type.bundle";
		};
/* End PBXNativeTarget section */

/* Begin PBXProject section */
		D0948A32178159AD00BA8F23 /* Project object */ = {
			isa = PBXProject;
			attributes = {
				LastUpgradeCheck = 0500;
				ORGANIZATIONNAME = GitHub;
			};
			buildConfigurationList = D0948A35178159AD00BA8F23 /* Build configuration list for PBXProject "ReactiveViewModel" */;
			compatibilityVersion = "Xcode 3.2";
			developmentRegion = English;
			hasScannedForEncodings = 0;
			knownRegions = (
				en,
			);
			mainGroup = D0948A31178159AD00BA8F23;
			productRefGroup = D0948A3C178159AD00BA8F23 /* Products */;
			projectDirPath = "";
			projectRoot = "";
			targets = (
				D0948A3A178159AD00BA8F23 /* ReactiveViewModel Mac */,
				D0948A52178159AD00BA8F23 /* ReactiveViewModel Mac Tests */,
				D0948A8C178159F900BA8F23 /* ReactiveViewModel iOS */,
				D0948A9B178159F900BA8F23 /* ReactiveViewModel iOS Tests */,
			);
		};
/* End PBXProject section */

/* Begin PBXResourcesBuildPhase section */
		D0948A39178159AD00BA8F23 /* Resources */ = {
			isa = PBXResourcesBuildPhase;
			buildActionMask = 2147483647;
			files = (
				D0948A49178159AD00BA8F23 /* InfoPlist.strings in Resources */,
			);
			runOnlyForDeploymentPostprocessing = 0;
		};
		D0948A50178159AD00BA8F23 /* Resources */ = {
			isa = PBXResourcesBuildPhase;
			buildActionMask = 2147483647;
			files = (
				D0948A5F178159AD00BA8F23 /* InfoPlist.strings in Resources */,
			);
			runOnlyForDeploymentPostprocessing = 0;
		};
		D0948A99178159F900BA8F23 /* Resources */ = {
			isa = PBXResourcesBuildPhase;
			buildActionMask = 2147483647;
			files = (
			);
			runOnlyForDeploymentPostprocessing = 0;
		};
/* End PBXResourcesBuildPhase section */

/* Begin PBXSourcesBuildPhase section */
		D0948A36178159AD00BA8F23 /* Sources */ = {
			isa = PBXSourcesBuildPhase;
			buildActionMask = 2147483647;
			files = (
				D0948B571781610600BA8F23 /* RVMViewModel.m in Sources */,
			);
			runOnlyForDeploymentPostprocessing = 0;
		};
		D0948A4E178159AD00BA8F23 /* Sources */ = {
			isa = PBXSourcesBuildPhase;
			buildActionMask = 2147483647;
			files = (
				D0948B5A1781618A00BA8F23 /* RVMViewModelSpec.m in Sources */,
				D0948B5E178161A800BA8F23 /* RVMTestViewModel.m in Sources */,
			);
			runOnlyForDeploymentPostprocessing = 0;
		};
		D0948A89178159F900BA8F23 /* Sources */ = {
			isa = PBXSourcesBuildPhase;
			buildActionMask = 2147483647;
			files = (
				D0948B581781610600BA8F23 /* RVMViewModel.m in Sources */,
			);
			runOnlyForDeploymentPostprocessing = 0;
		};
		D0948A97178159F900BA8F23 /* Sources */ = {
			isa = PBXSourcesBuildPhase;
			buildActionMask = 2147483647;
			files = (
				D0948B5B1781618A00BA8F23 /* RVMViewModelSpec.m in Sources */,
				D0948B5F178161A800BA8F23 /* RVMTestViewModel.m in Sources */,
			);
			runOnlyForDeploymentPostprocessing = 0;
		};
/* End PBXSourcesBuildPhase section */

/* Begin PBXTargetDependency section */
		D0948A58178159AD00BA8F23 /* PBXTargetDependency */ = {
			isa = PBXTargetDependency;
			target = D0948A3A178159AD00BA8F23 /* ReactiveViewModel Mac */;
			targetProxy = D0948A57178159AD00BA8F23 /* PBXContainerItemProxy */;
		};
		D0948AA2178159F900BA8F23 /* PBXTargetDependency */ = {
			isa = PBXTargetDependency;
			target = D0948A8C178159F900BA8F23 /* ReactiveViewModel iOS */;
			targetProxy = D0948AA1178159F900BA8F23 /* PBXContainerItemProxy */;
		};
/* End PBXTargetDependency section */

/* Begin PBXVariantGroup section */
		D0948A47178159AD00BA8F23 /* InfoPlist.strings */ = {
			isa = PBXVariantGroup;
			children = (
				D0948A48178159AD00BA8F23 /* en */,
			);
			name = InfoPlist.strings;
			sourceTree = "<group>";
		};
		D0948A5D178159AD00BA8F23 /* InfoPlist.strings */ = {
			isa = PBXVariantGroup;
			children = (
				D0948A5E178159AD00BA8F23 /* en */,
			);
			name = InfoPlist.strings;
			sourceTree = "<group>";
		};
/* End PBXVariantGroup section */

/* Begin XCBuildConfiguration section */
		D0948A63178159AD00BA8F23 /* Debug */ = {
			isa = XCBuildConfiguration;
			baseConfigurationReference = D0948A77178159DA00BA8F23 /* Debug.xcconfig */;
			buildSettings = {
				ARCHS = "$(ARCHS_STANDARD_64_BIT)";
				IPHONEOS_DEPLOYMENT_TARGET = 5.0;
				MACOSX_DEPLOYMENT_TARGET = 10.7;
			};
			name = Debug;
		};
		D0948A64178159AD00BA8F23 /* Release */ = {
			isa = XCBuildConfiguration;
			baseConfigurationReference = D0948A79178159DA00BA8F23 /* Release.xcconfig */;
			buildSettings = {
				ARCHS = "$(ARCHS_STANDARD_64_BIT)";
				IPHONEOS_DEPLOYMENT_TARGET = 5.0;
				MACOSX_DEPLOYMENT_TARGET = 10.7;
			};
			name = Release;
		};
		D0948A66178159AD00BA8F23 /* Debug */ = {
			isa = XCBuildConfiguration;
			baseConfigurationReference = D0948A86178159DA00BA8F23 /* Mac-Framework.xcconfig */;
			buildSettings = {
				DYLIB_COMPATIBILITY_VERSION = 1;
				DYLIB_CURRENT_VERSION = 1;
				FRAMEWORK_VERSION = A;
				GCC_PREFIX_HEADER = "ReactiveViewModel/ReactiveViewModel-Prefix.pch";
				INFOPLIST_FILE = "ReactiveViewModel/ReactiveViewModel-Info.plist";
				PRODUCT_NAME = ReactiveViewModel;
				WRAPPER_EXTENSION = framework;
			};
			name = Debug;
		};
		D0948A67178159AD00BA8F23 /* Release */ = {
			isa = XCBuildConfiguration;
			baseConfigurationReference = D0948A86178159DA00BA8F23 /* Mac-Framework.xcconfig */;
			buildSettings = {
				DYLIB_COMPATIBILITY_VERSION = 1;
				DYLIB_CURRENT_VERSION = 1;
				FRAMEWORK_VERSION = A;
				GCC_PREFIX_HEADER = "ReactiveViewModel/ReactiveViewModel-Prefix.pch";
				INFOPLIST_FILE = "ReactiveViewModel/ReactiveViewModel-Info.plist";
				PRODUCT_NAME = ReactiveViewModel;
				WRAPPER_EXTENSION = framework;
			};
			name = Release;
		};
		D0948A69178159AD00BA8F23 /* Debug */ = {
			isa = XCBuildConfiguration;
			baseConfigurationReference = D0948A83178159DA00BA8F23 /* Mac-Application.xcconfig */;
			buildSettings = {
				FRAMEWORK_SEARCH_PATHS = "\"$(DEVELOPER_LIBRARY_DIR)/Frameworks\"";
				GCC_PREFIX_HEADER = "ReactiveViewModelTests/ReactiveViewModelTests-Prefix.pch";
				HEADER_SEARCH_PATHS = (
					External/ReactiveCocoa/external/specta/src,
					"External/ReactiveCocoa/external/expecta/src/**",
				);
				INFOPLIST_FILE = "ReactiveViewModelTests/ReactiveViewModelTests-Info.plist";
				OTHER_LDFLAGS = "-all_load";
				PRODUCT_NAME = "$(TARGET_NAME)";
				WRAPPER_EXTENSION = octest;
			};
			name = Debug;
		};
		D0948A6A178159AD00BA8F23 /* Release */ = {
			isa = XCBuildConfiguration;
			baseConfigurationReference = D0948A83178159DA00BA8F23 /* Mac-Application.xcconfig */;
			buildSettings = {
				FRAMEWORK_SEARCH_PATHS = "\"$(DEVELOPER_LIBRARY_DIR)/Frameworks\"";
				GCC_PREFIX_HEADER = "ReactiveViewModelTests/ReactiveViewModelTests-Prefix.pch";
				HEADER_SEARCH_PATHS = (
					External/ReactiveCocoa/external/specta/src,
					"External/ReactiveCocoa/external/expecta/src/**",
				);
				INFOPLIST_FILE = "ReactiveViewModelTests/ReactiveViewModelTests-Info.plist";
				OTHER_LDFLAGS = "-all_load";
				PRODUCT_NAME = "$(TARGET_NAME)";
				WRAPPER_EXTENSION = octest;
			};
			name = Release;
		};
		D0948AAE178159F900BA8F23 /* Debug */ = {
			isa = XCBuildConfiguration;
			baseConfigurationReference = D0948A81178159DA00BA8F23 /* iOS-StaticLibrary.xcconfig */;
			buildSettings = {
				DSTROOT = /tmp/ReactiveViewModel.dst;
				GCC_PREFIX_HEADER = "ReactiveViewModel/ReactiveViewModel-Prefix.pch";
				OTHER_LDFLAGS = "-ObjC";
				PRODUCT_NAME = ReactiveViewModel;
			};
			name = Debug;
		};
		D0948AAF178159F900BA8F23 /* Release */ = {
			isa = XCBuildConfiguration;
			baseConfigurationReference = D0948A81178159DA00BA8F23 /* iOS-StaticLibrary.xcconfig */;
			buildSettings = {
				DSTROOT = /tmp/ReactiveViewModel.dst;
				GCC_PREFIX_HEADER = "ReactiveViewModel/ReactiveViewModel-Prefix.pch";
				OTHER_LDFLAGS = "-ObjC";
				PRODUCT_NAME = ReactiveViewModel;
			};
			name = Release;
		};
		D0948AB1178159F900BA8F23 /* Debug */ = {
			isa = XCBuildConfiguration;
			baseConfigurationReference = D0948A7F178159DA00BA8F23 /* iOS-Application.xcconfig */;
			buildSettings = {
				FRAMEWORK_SEARCH_PATHS = (
					"\"$(SDKROOT)/Developer/Library/Frameworks\"",
					"\"$(DEVELOPER_LIBRARY_DIR)/Frameworks\"",
				);
				GCC_PREFIX_HEADER = "ReactiveViewModelTests/ReactiveViewModelTests-Prefix.pch";
				HEADER_SEARCH_PATHS = (
					"$(inherited)",
					External/ReactiveCocoa/external/specta/src,
					"External/ReactiveCocoa/external/expecta/src/**",
				);
				INFOPLIST_FILE = "ReactiveViewModelTests/ReactiveViewModelTests-Info.plist";
				OTHER_LDFLAGS = "-all_load";
				PRODUCT_NAME = "$(TARGET_NAME)";
				WRAPPER_EXTENSION = octest;
			};
			name = Debug;
		};
		D0948AB2178159F900BA8F23 /* Release */ = {
			isa = XCBuildConfiguration;
			baseConfigurationReference = D0948A7F178159DA00BA8F23 /* iOS-Application.xcconfig */;
			buildSettings = {
				FRAMEWORK_SEARCH_PATHS = (
					"\"$(SDKROOT)/Developer/Library/Frameworks\"",
					"\"$(DEVELOPER_LIBRARY_DIR)/Frameworks\"",
				);
				GCC_PREFIX_HEADER = "ReactiveViewModelTests/ReactiveViewModelTests-Prefix.pch";
				HEADER_SEARCH_PATHS = (
					"$(inherited)",
					External/ReactiveCocoa/external/specta/src,
					"External/ReactiveCocoa/external/expecta/src/**",
				);
				INFOPLIST_FILE = "ReactiveViewModelTests/ReactiveViewModelTests-Info.plist";
				OTHER_LDFLAGS = "-all_load";
				PRODUCT_NAME = "$(TARGET_NAME)";
				WRAPPER_EXTENSION = octest;
			};
			name = Release;
		};
		D0948AFA17815BAC00BA8F23 /* Profile */ = {
			isa = XCBuildConfiguration;
			baseConfigurationReference = D0948A78178159DA00BA8F23 /* Profile.xcconfig */;
			buildSettings = {
				ARCHS = "$(ARCHS_STANDARD_64_BIT)";
				IPHONEOS_DEPLOYMENT_TARGET = 5.0;
				MACOSX_DEPLOYMENT_TARGET = 10.7;
			};
			name = Profile;
		};
		D0948AFB17815BAC00BA8F23 /* Profile */ = {
			isa = XCBuildConfiguration;
			baseConfigurationReference = D0948A86178159DA00BA8F23 /* Mac-Framework.xcconfig */;
			buildSettings = {
				DYLIB_COMPATIBILITY_VERSION = 1;
				DYLIB_CURRENT_VERSION = 1;
				FRAMEWORK_VERSION = A;
				GCC_PREFIX_HEADER = "ReactiveViewModel/ReactiveViewModel-Prefix.pch";
				INFOPLIST_FILE = "ReactiveViewModel/ReactiveViewModel-Info.plist";
				PRODUCT_NAME = ReactiveViewModel;
				WRAPPER_EXTENSION = framework;
			};
			name = Profile;
		};
		D0948AFC17815BAC00BA8F23 /* Profile */ = {
			isa = XCBuildConfiguration;
			baseConfigurationReference = D0948A83178159DA00BA8F23 /* Mac-Application.xcconfig */;
			buildSettings = {
				FRAMEWORK_SEARCH_PATHS = "\"$(DEVELOPER_LIBRARY_DIR)/Frameworks\"";
				GCC_PREFIX_HEADER = "ReactiveViewModelTests/ReactiveViewModelTests-Prefix.pch";
				HEADER_SEARCH_PATHS = (
					External/ReactiveCocoa/external/specta/src,
					"External/ReactiveCocoa/external/expecta/src/**",
				);
				INFOPLIST_FILE = "ReactiveViewModelTests/ReactiveViewModelTests-Info.plist";
				OTHER_LDFLAGS = "-all_load";
				PRODUCT_NAME = "$(TARGET_NAME)";
				WRAPPER_EXTENSION = octest;
			};
			name = Profile;
		};
		D0948AFD17815BAC00BA8F23 /* Profile */ = {
			isa = XCBuildConfiguration;
			baseConfigurationReference = D0948A81178159DA00BA8F23 /* iOS-StaticLibrary.xcconfig */;
			buildSettings = {
				DSTROOT = /tmp/ReactiveViewModel.dst;
				GCC_PREFIX_HEADER = "ReactiveViewModel/ReactiveViewModel-Prefix.pch";
				OTHER_LDFLAGS = "-ObjC";
				PRODUCT_NAME = ReactiveViewModel;
			};
			name = Profile;
		};
		D0948AFE17815BAC00BA8F23 /* Profile */ = {
			isa = XCBuildConfiguration;
			baseConfigurationReference = D0948A7F178159DA00BA8F23 /* iOS-Application.xcconfig */;
			buildSettings = {
				FRAMEWORK_SEARCH_PATHS = (
					"\"$(SDKROOT)/Developer/Library/Frameworks\"",
					"\"$(DEVELOPER_LIBRARY_DIR)/Frameworks\"",
				);
				GCC_PREFIX_HEADER = "ReactiveViewModelTests/ReactiveViewModelTests-Prefix.pch";
				HEADER_SEARCH_PATHS = (
					"$(inherited)",
					External/ReactiveCocoa/external/specta/src,
					"External/ReactiveCocoa/external/expecta/src/**",
				);
				INFOPLIST_FILE = "ReactiveViewModelTests/ReactiveViewModelTests-Info.plist";
				OTHER_LDFLAGS = "-all_load";
				PRODUCT_NAME = "$(TARGET_NAME)";
				WRAPPER_EXTENSION = octest;
			};
			name = Profile;
		};
		D0948AFF17815BB500BA8F23 /* Test */ = {
			isa = XCBuildConfiguration;
			baseConfigurationReference = D0948A7A178159DA00BA8F23 /* Test.xcconfig */;
			buildSettings = {
				ARCHS = "$(ARCHS_STANDARD_64_BIT)";
				IPHONEOS_DEPLOYMENT_TARGET = 5.0;
				MACOSX_DEPLOYMENT_TARGET = 10.7;
			};
			name = Test;
		};
		D0948B0017815BB500BA8F23 /* Test */ = {
			isa = XCBuildConfiguration;
			baseConfigurationReference = D0948A86178159DA00BA8F23 /* Mac-Framework.xcconfig */;
			buildSettings = {
				DYLIB_COMPATIBILITY_VERSION = 1;
				DYLIB_CURRENT_VERSION = 1;
				FRAMEWORK_VERSION = A;
				GCC_PREFIX_HEADER = "ReactiveViewModel/ReactiveViewModel-Prefix.pch";
				INFOPLIST_FILE = "ReactiveViewModel/ReactiveViewModel-Info.plist";
				PRODUCT_NAME = ReactiveViewModel;
				WRAPPER_EXTENSION = framework;
			};
			name = Test;
		};
		D0948B0117815BB500BA8F23 /* Test */ = {
			isa = XCBuildConfiguration;
			baseConfigurationReference = D0948A83178159DA00BA8F23 /* Mac-Application.xcconfig */;
			buildSettings = {
				FRAMEWORK_SEARCH_PATHS = "\"$(DEVELOPER_LIBRARY_DIR)/Frameworks\"";
				GCC_PREFIX_HEADER = "ReactiveViewModelTests/ReactiveViewModelTests-Prefix.pch";
				HEADER_SEARCH_PATHS = (
					External/ReactiveCocoa/external/specta/src,
					"External/ReactiveCocoa/external/expecta/src/**",
				);
				INFOPLIST_FILE = "ReactiveViewModelTests/ReactiveViewModelTests-Info.plist";
				OTHER_LDFLAGS = "-all_load";
				PRODUCT_NAME = "$(TARGET_NAME)";
				WRAPPER_EXTENSION = octest;
			};
			name = Test;
		};
		D0948B0217815BB500BA8F23 /* Test */ = {
			isa = XCBuildConfiguration;
			baseConfigurationReference = D0948A81178159DA00BA8F23 /* iOS-StaticLibrary.xcconfig */;
			buildSettings = {
				DSTROOT = /tmp/ReactiveViewModel.dst;
				GCC_PREFIX_HEADER = "ReactiveViewModel/ReactiveViewModel-Prefix.pch";
				OTHER_LDFLAGS = "-ObjC";
				PRODUCT_NAME = ReactiveViewModel;
			};
			name = Test;
		};
		D0948B0317815BB500BA8F23 /* Test */ = {
			isa = XCBuildConfiguration;
			baseConfigurationReference = D0948A7F178159DA00BA8F23 /* iOS-Application.xcconfig */;
			buildSettings = {
				FRAMEWORK_SEARCH_PATHS = (
					"\"$(SDKROOT)/Developer/Library/Frameworks\"",
					"\"$(DEVELOPER_LIBRARY_DIR)/Frameworks\"",
				);
				GCC_PREFIX_HEADER = "ReactiveViewModelTests/ReactiveViewModelTests-Prefix.pch";
				HEADER_SEARCH_PATHS = (
					"$(inherited)",
					External/ReactiveCocoa/external/specta/src,
					"External/ReactiveCocoa/external/expecta/src/**",
				);
				INFOPLIST_FILE = "ReactiveViewModelTests/ReactiveViewModelTests-Info.plist";
				OTHER_LDFLAGS = "-all_load";
				PRODUCT_NAME = "$(TARGET_NAME)";
				WRAPPER_EXTENSION = octest;
			};
			name = Test;
		};
/* End XCBuildConfiguration section */

/* Begin XCConfigurationList section */
		D0948A35178159AD00BA8F23 /* Build configuration list for PBXProject "ReactiveViewModel" */ = {
			isa = XCConfigurationList;
			buildConfigurations = (
				D0948A63178159AD00BA8F23 /* Debug */,
				D0948A64178159AD00BA8F23 /* Release */,
				D0948AFF17815BB500BA8F23 /* Test */,
				D0948AFA17815BAC00BA8F23 /* Profile */,
			);
			defaultConfigurationIsVisible = 0;
			defaultConfigurationName = Release;
		};
		D0948A65178159AD00BA8F23 /* Build configuration list for PBXNativeTarget "ReactiveViewModel Mac" */ = {
			isa = XCConfigurationList;
			buildConfigurations = (
				D0948A66178159AD00BA8F23 /* Debug */,
				D0948A67178159AD00BA8F23 /* Release */,
				D0948B0017815BB500BA8F23 /* Test */,
				D0948AFB17815BAC00BA8F23 /* Profile */,
			);
			defaultConfigurationIsVisible = 0;
			defaultConfigurationName = Release;
		};
		D0948A68178159AD00BA8F23 /* Build configuration list for PBXNativeTarget "ReactiveViewModel Mac Tests" */ = {
			isa = XCConfigurationList;
			buildConfigurations = (
				D0948A69178159AD00BA8F23 /* Debug */,
				D0948A6A178159AD00BA8F23 /* Release */,
				D0948B0117815BB500BA8F23 /* Test */,
				D0948AFC17815BAC00BA8F23 /* Profile */,
			);
			defaultConfigurationIsVisible = 0;
			defaultConfigurationName = Release;
		};
		D0948AAD178159F900BA8F23 /* Build configuration list for PBXNativeTarget "ReactiveViewModel iOS" */ = {
			isa = XCConfigurationList;
			buildConfigurations = (
				D0948AAE178159F900BA8F23 /* Debug */,
				D0948AAF178159F900BA8F23 /* Release */,
				D0948B0217815BB500BA8F23 /* Test */,
				D0948AFD17815BAC00BA8F23 /* Profile */,
			);
			defaultConfigurationIsVisible = 0;
			defaultConfigurationName = Release;
		};
		D0948AB0178159F900BA8F23 /* Build configuration list for PBXNativeTarget "ReactiveViewModel iOS Tests" */ = {
			isa = XCConfigurationList;
			buildConfigurations = (
				D0948AB1178159F900BA8F23 /* Debug */,
				D0948AB2178159F900BA8F23 /* Release */,
				D0948B0317815BB500BA8F23 /* Test */,
				D0948AFE17815BAC00BA8F23 /* Profile */,
			);
			defaultConfigurationIsVisible = 0;
			defaultConfigurationName = Release;
		};
/* End XCConfigurationList section */
	};
	rootObject = D0948A32178159AD00BA8F23 /* Project object */;
}
